
Microsoft Visual Studio Solution File, Format Version 12.00
# Visual Studio Version 17
VisualStudioVersion = 17.14.36518.9
MinimumVisualStudioVersion = 10.0.40219.1
Project("{FAE04EC0-301F-11D3-BF4B-00C04F79EFBC}") = "application", "application.csproj", "{25D7BEDE-9068-410D-BC86-DAE6EC0300B6}"
EndProject
Project("{FAE04EC0-301F-11D3-BF4B-00C04F79EFBC}") = "PlaywrightTests", "..\PlaywrightTests\PlaywrightTests.csproj", "{3A37BDA0-D45F-4749-B794-7CADA83F4EBE}"
EndProject
Global
	GlobalSection(SolutionConfigurationPlatforms) = preSolution
		Debug|Any CPU = Debug|Any CPU
		Release|Any CPU = Release|Any CPU
	EndGlobalSection
	GlobalSection(ProjectConfigurationPlatforms) = postSolution
		{25D7BEDE-9068-410D-BC86-DAE6EC0300B6}.Debug|Any CPU.ActiveCfg = Debug|Any CPU
		{25D7BEDE-9068-410D-BC86-DAE6EC0300B6}.Debug|Any CPU.Build.0 = Debug|Any CPU
		{25D7BEDE-9068-410D-BC86-DAE6EC0300B6}.Release|Any CPU.ActiveCfg = Release|Any CPU
		{25D7BEDE-9068-410D-BC86-DAE6EC0300B6}.Release|Any CPU.Build.0 = Release|Any CPU
		{3A37BDA0-D45F-4749-B794-7CADA83F4EBE}.Debug|Any CPU.ActiveCfg = Debug|Any CPU
		{3A37BDA0-D45F-4749-B794-7CADA83F4EBE}.Debug|Any CPU.Build.0 = Debug|Any CPU
		{3A37BDA0-D45F-4749-B794-7CADA83F4EBE}.Release|Any CPU.ActiveCfg = Release|Any CPU
		{3A37BDA0-D45F-4749-B794-7CADA83F4EBE}.Release|Any CPU.Build.0 = Release|Any CPU
	EndGlobalSection
	GlobalSection(SolutionProperties) = preSolution
		HideSolutionNode = FALSE
	EndGlobalSection
	GlobalSection(ExtensibilityGlobals) = postSolution
		SolutionGuid = {A63C1235-C103-47E7-B224-35B66F66AA17}
	EndGlobalSection
EndGlobal
